
Microsoft Visual Studio Solution File, Format Version 12.00
# Visual Studio Version 16
VisualStudioVersion = 16.0.31424.327
MinimumVisualStudioVersion = 10.0.40219.1
Project("{FAE04EC0-301F-11D3-BF4B-00C04F79EFBC}") = "SCP1499", "SCP1499\SCP1499.csproj", "{01DD7E99-4B77-434D-B291-9230C0129D1D}"
EndProject
Global
	GlobalSection(SolutionConfigurationPlatforms) = preSolution
		Debug|Any CPU = Debug|Any CPU
		Release|Any CPU = Release|Any CPU
	EndGlobalSection
	GlobalSection(ProjectConfigurationPlatforms) = postSolution
		{01DD7E99-4B77-434D-B291-9230C0129D1D}.Debug|Any CPU.ActiveCfg = Debug|Any CPU
		{01DD7E99-4B77-434D-B291-9230C0129D1D}.Debug|Any CPU.Build.0 = Debug|Any CPU
		{01DD7E99-4B77-434D-B291-9230C0129D1D}.Release|Any CPU.ActiveCfg = Release|Any CPU
		{01DD7E99-4B77-434D-B291-9230C0129D1D}.Release|Any CPU.Build.0 = Release|Any CPU
	EndGlobalSection
	GlobalSection(SolutionProperties) = preSolution
		HideSolutionNode = FALSE
	EndGlobalSection
	GlobalSection(ExtensibilityGlobals) = postSolution
		SolutionGuid = {CBBA2BFF-0A25-42D2-86BF-DAB4F10AAB7F}
	EndGlobalSection
EndGlobal
